// !$*UTF8*$!
{
	archiveVersion = 1;
	classes = {
	};
	objectVersion = 48;
	objects = {

/* Begin PBXBuildFile section */
		5735CDE12101E46900478FA6 /* RegistrationCompleteViewController.swift in Sources */ = {isa = PBXBuildFile; fileRef = 5735CDE02101E46900478FA6 /* RegistrationCompleteViewController.swift */; };
		573FA0F321009F65002BC770 /* PersonalDetailsViewController.swift in Sources */ = {isa = PBXBuildFile; fileRef = 573FA0F221009F65002BC770 /* PersonalDetailsViewController.swift */; };
		573FA0F5210118A9002BC770 /* BillingAddressViewController.swift in Sources */ = {isa = PBXBuildFile; fileRef = 573FA0F4210118A9002BC770 /* BillingAddressViewController.swift */; };
		573FB457210603E100371221 /* UIViewControllerExtension.swift in Sources */ = {isa = PBXBuildFile; fileRef = 573FB456210603E100371221 /* UIViewControllerExtension.swift */; };
		57403D2820FDDEA500970652 /* AppDelegate.swift in Sources */ = {isa = PBXBuildFile; fileRef = 57403D2720FDDEA500970652 /* AppDelegate.swift */; };
		57403D2A20FDDEA500970652 /* ViewController.swift in Sources */ = {isa = PBXBuildFile; fileRef = 57403D2920FDDEA500970652 /* ViewController.swift */; };
		57403D2D20FDDEA500970652 /* Main.storyboard in Resources */ = {isa = PBXBuildFile; fileRef = 57403D2B20FDDEA500970652 /* Main.storyboard */; };
		57403D2F20FDDEA500970652 /* Assets.xcassets in Resources */ = {isa = PBXBuildFile; fileRef = 57403D2E20FDDEA500970652 /* Assets.xcassets */; };
		57403D3220FDDEA500970652 /* LaunchScreen.storyboard in Resources */ = {isa = PBXBuildFile; fileRef = 57403D3020FDDEA500970652 /* LaunchScreen.storyboard */; };
		57403D3D20FDDEA500970652 /* LoginTestTests.swift in Sources */ = {isa = PBXBuildFile; fileRef = 57403D3C20FDDEA500970652 /* LoginTestTests.swift */; };
		577F2C8620FE33680098EC81 /* RegistrationViewController.swift in Sources */ = {isa = PBXBuildFile; fileRef = 577F2C8520FE33680098EC81 /* RegistrationViewController.swift */; };
		577F2C8A20FE88E60098EC81 /* Login.swift in Sources */ = {isa = PBXBuildFile; fileRef = 577F2C8920FE88E60098EC81 /* Login.swift */; };
/* End PBXBuildFile section */

/* Begin PBXContainerItemProxy section */
		57403D3920FDDEA500970652 /* PBXContainerItemProxy */ = {
			isa = PBXContainerItemProxy;
			containerPortal = 57403D1C20FDDEA500970652 /* Project object */;
			proxyType = 1;
			remoteGlobalIDString = 57403D2320FDDEA500970652;
			remoteInfo = LoginTest;
		};
/* End PBXContainerItemProxy section */

/* Begin PBXFileReference section */
		5735CDE02101E46900478FA6 /* RegistrationCompleteViewController.swift */ = {isa = PBXFileReference; lastKnownFileType = sourcecode.swift; path = RegistrationCompleteViewController.swift; sourceTree = "<group>"; };
		573FA0F221009F65002BC770 /* PersonalDetailsViewController.swift */ = {isa = PBXFileReference; lastKnownFileType = sourcecode.swift; name = PersonalDetailsViewController.swift; path = ../PersonalDetailsViewController.swift; sourceTree = "<group>"; };
		573FA0F4210118A9002BC770 /* BillingAddressViewController.swift */ = {isa = PBXFileReference; lastKnownFileType = sourcecode.swift; path = BillingAddressViewController.swift; sourceTree = "<group>"; };
		573FB456210603E100371221 /* UIViewControllerExtension.swift */ = {isa = PBXFileReference; lastKnownFileType = sourcecode.swift; path = UIViewControllerExtension.swift; sourceTree = "<group>"; };
		57403D2420FDDEA500970652 /* LoginTest.app */ = {isa = PBXFileReference; explicitFileType = wrapper.application; includeInIndex = 0; path = LoginTest.app; sourceTree = BUILT_PRODUCTS_DIR; };
		57403D2720FDDEA500970652 /* AppDelegate.swift */ = {isa = PBXFileReference; lastKnownFileType = sourcecode.swift; path = AppDelegate.swift; sourceTree = "<group>"; };
		57403D2920FDDEA500970652 /* ViewController.swift */ = {isa = PBXFileReference; lastKnownFileType = sourcecode.swift; path = ViewController.swift; sourceTree = "<group>"; };
		57403D2C20FDDEA500970652 /* Base */ = {isa = PBXFileReference; lastKnownFileType = file.storyboard; name = Base; path = Base.lproj/Main.storyboard; sourceTree = "<group>"; };
		57403D2E20FDDEA500970652 /* Assets.xcassets */ = {isa = PBXFileReference; lastKnownFileType = folder.assetcatalog; path = Assets.xcassets; sourceTree = "<group>"; };
		57403D3120FDDEA500970652 /* Base */ = {isa = PBXFileReference; lastKnownFileType = file.storyboard; name = Base; path = Base.lproj/LaunchScreen.storyboard; sourceTree = "<group>"; };
		57403D3320FDDEA500970652 /* Info.plist */ = {isa = PBXFileReference; lastKnownFileType = text.plist.xml; path = Info.plist; sourceTree = "<group>"; };
		57403D3820FDDEA500970652 /* LoginTestTests.xctest */ = {isa = PBXFileReference; explicitFileType = wrapper.cfbundle; includeInIndex = 0; path = LoginTestTests.xctest; sourceTree = BUILT_PRODUCTS_DIR; };
		57403D3C20FDDEA500970652 /* LoginTestTests.swift */ = {isa = PBXFileReference; lastKnownFileType = sourcecode.swift; path = LoginTestTests.swift; sourceTree = "<group>"; };
		57403D3E20FDDEA500970652 /* Info.plist */ = {isa = PBXFileReference; lastKnownFileType = text.plist.xml; path = Info.plist; sourceTree = "<group>"; };
		577F2C8520FE33680098EC81 /* RegistrationViewController.swift */ = {isa = PBXFileReference; lastKnownFileType = sourcecode.swift; path = RegistrationViewController.swift; sourceTree = "<group>"; };
		577F2C8920FE88E60098EC81 /* Login.swift */ = {isa = PBXFileReference; lastKnownFileType = sourcecode.swift; path = Login.swift; sourceTree = "<group>"; };
/* End PBXFileReference section */

/* Begin PBXFrameworksBuildPhase section */
		57403D2120FDDEA500970652 /* Frameworks */ = {
			isa = PBXFrameworksBuildPhase;
			buildActionMask = 2147483647;
			files = (
			);
			runOnlyForDeploymentPostprocessing = 0;
		};
		57403D3520FDDEA500970652 /* Frameworks */ = {
			isa = PBXFrameworksBuildPhase;
			buildActionMask = 2147483647;
			files = (
			);
			runOnlyForDeploymentPostprocessing = 0;
		};
/* End PBXFrameworksBuildPhase section */

/* Begin PBXGroup section */
		573FB455210603C600371221 /* Extensions */ = {
			isa = PBXGroup;
			children = (
				573FB456210603E100371221 /* UIViewControllerExtension.swift */,
			);
			path = Extensions;
			sourceTree = "<group>";
		};
		57403D1B20FDDEA500970652 = {
			isa = PBXGroup;
			children = (
				57403D2620FDDEA500970652 /* LoginTest */,
				57403D3B20FDDEA500970652 /* LoginTestTests */,
				57403D2520FDDEA500970652 /* Products */,
			);
			sourceTree = "<group>";
		};
		57403D2520FDDEA500970652 /* Products */ = {
			isa = PBXGroup;
			children = (
				57403D2420FDDEA500970652 /* LoginTest.app */,
				57403D3820FDDEA500970652 /* LoginTestTests.xctest */,
			);
			name = Products;
			sourceTree = "<group>";
		};
		57403D2620FDDEA500970652 /* LoginTest */ = {
			isa = PBXGroup;
			children = (
				57403D2720FDDEA500970652 /* AppDelegate.swift */,
				577F2C8920FE88E60098EC81 /* Login.swift */,
				57403D2920FDDEA500970652 /* ViewController.swift */,
				577F2C8520FE33680098EC81 /* RegistrationViewController.swift */,
				57403D2E20FDDEA500970652 /* Assets.xcassets */,
				573FA0F221009F65002BC770 /* PersonalDetailsViewController.swift */,
				573FA0F4210118A9002BC770 /* BillingAddressViewController.swift */,
				5735CDE02101E46900478FA6 /* RegistrationCompleteViewController.swift */,
				57403D2B20FDDEA500970652 /* Main.storyboard */,
				573FB455210603C600371221 /* Extensions */,
				57403D3020FDDEA500970652 /* LaunchScreen.storyboard */,
				57403D3320FDDEA500970652 /* Info.plist */,
			);
			path = LoginTest;
			sourceTree = "<group>";
		};
		57403D3B20FDDEA500970652 /* LoginTestTests */ = {
			isa = PBXGroup;
			children = (
				57403D3C20FDDEA500970652 /* LoginTestTests.swift */,
				57403D3E20FDDEA500970652 /* Info.plist */,
			);
			path = LoginTestTests;
			sourceTree = "<group>";
		};
/* End PBXGroup section */

/* Begin PBXNativeTarget section */
		57403D2320FDDEA500970652 /* LoginTest */ = {
			isa = PBXNativeTarget;
			buildConfigurationList = 57403D4120FDDEA500970652 /* Build configuration list for PBXNativeTarget "LoginTest" */;
			buildPhases = (
				57403D2020FDDEA500970652 /* Sources */,
				57403D2120FDDEA500970652 /* Frameworks */,
				57403D2220FDDEA500970652 /* Resources */,
			);
			buildRules = (
			);
			dependencies = (
			);
			name = LoginTest;
			productName = LoginTest;
			productReference = 57403D2420FDDEA500970652 /* LoginTest.app */;
			productType = "com.apple.product-type.application";
		};
		57403D3720FDDEA500970652 /* LoginTestTests */ = {
			isa = PBXNativeTarget;
			buildConfigurationList = 57403D4420FDDEA500970652 /* Build configuration list for PBXNativeTarget "LoginTestTests" */;
			buildPhases = (
				57403D3420FDDEA500970652 /* Sources */,
				57403D3520FDDEA500970652 /* Frameworks */,
				57403D3620FDDEA500970652 /* Resources */,
			);
			buildRules = (
			);
			dependencies = (
				57403D3A20FDDEA500970652 /* PBXTargetDependency */,
			);
			name = LoginTestTests;
			productName = LoginTestTests;
			productReference = 57403D3820FDDEA500970652 /* LoginTestTests.xctest */;
			productType = "com.apple.product-type.bundle.unit-test";
		};
/* End PBXNativeTarget section */

/* Begin PBXProject section */
		57403D1C20FDDEA500970652 /* Project object */ = {
			isa = PBXProject;
			attributes = {
				LastSwiftUpdateCheck = 0920;
				LastUpgradeCheck = 0920;
				ORGANIZATIONNAME = Codenation;
				TargetAttributes = {
					57403D2320FDDEA500970652 = {
						CreatedOnToolsVersion = 9.2;
						ProvisioningStyle = Automatic;
					};
					57403D3720FDDEA500970652 = {
						CreatedOnToolsVersion = 9.2;
						ProvisioningStyle = Automatic;
						TestTargetID = 57403D2320FDDEA500970652;
					};
				};
			};
			buildConfigurationList = 57403D1F20FDDEA500970652 /* Build configuration list for PBXProject "LoginTest" */;
			compatibilityVersion = "Xcode 8.0";
			developmentRegion = en;
			hasScannedForEncodings = 0;
			knownRegions = (
				en,
				Base,
			);
			mainGroup = 57403D1B20FDDEA500970652;
			productRefGroup = 57403D2520FDDEA500970652 /* Products */;
			projectDirPath = "";
			projectRoot = "";
			targets = (
				57403D2320FDDEA500970652 /* LoginTest */,
				57403D3720FDDEA500970652 /* LoginTestTests */,
			);
		};
/* End PBXProject section */

/* Begin PBXResourcesBuildPhase section */
		57403D2220FDDEA500970652 /* Resources */ = {
			isa = PBXResourcesBuildPhase;
			buildActionMask = 2147483647;
			files = (
				57403D3220FDDEA500970652 /* LaunchScreen.storyboard in Resources */,
				57403D2F20FDDEA500970652 /* Assets.xcassets in Resources */,
				57403D2D20FDDEA500970652 /* Main.storyboard in Resources */,
			);
			runOnlyForDeploymentPostprocessing = 0;
		};
		57403D3620FDDEA500970652 /* Resources */ = {
			isa = PBXResourcesBuildPhase;
			buildActionMask = 2147483647;
			files = (
			);
			runOnlyForDeploymentPostprocessing = 0;
		};
/* End PBXResourcesBuildPhase section */

/* Begin PBXSourcesBuildPhase section */
		57403D2020FDDEA500970652 /* Sources */ = {
			isa = PBXSourcesBuildPhase;
			buildActionMask = 2147483647;
			files = (
				577F2C8620FE33680098EC81 /* RegistrationViewController.swift in Sources */,
				573FA0F321009F65002BC770 /* PersonalDetailsViewController.swift in Sources */,
				57403D2A20FDDEA500970652 /* ViewController.swift in Sources */,
				57403D2820FDDEA500970652 /* AppDelegate.swift in Sources */,
				573FB457210603E100371221 /* UIViewControllerExtension.swift in Sources */,
				5735CDE12101E46900478FA6 /* RegistrationCompleteViewController.swift in Sources */,
				577F2C8A20FE88E60098EC81 /* Login.swift in Sources */,
				573FA0F5210118A9002BC770 /* BillingAddressViewController.swift in Sources */,
			);
			runOnlyForDeploymentPostprocessing = 0;
		};
		57403D3420FDDEA500970652 /* Sources */ = {
			isa = PBXSourcesBuildPhase;
			buildActionMask = 2147483647;
			files = (
				57403D3D20FDDEA500970652 /* LoginTestTests.swift in Sources */,
			);
			runOnlyForDeploymentPostprocessing = 0;
		};
/* End PBXSourcesBuildPhase section */

/* Begin PBXTargetDependency section */
		57403D3A20FDDEA500970652 /* PBXTargetDependency */ = {
			isa = PBXTargetDependency;
			target = 57403D2320FDDEA500970652 /* LoginTest */;
			targetProxy = 57403D3920FDDEA500970652 /* PBXContainerItemProxy */;
		};
/* End PBXTargetDependency section */

/* Begin PBXVariantGroup section */
		57403D2B20FDDEA500970652 /* Main.storyboard */ = {
			isa = PBXVariantGroup;
			children = (
				57403D2C20FDDEA500970652 /* Base */,
			);
			name = Main.storyboard;
			sourceTree = "<group>";
		};
		57403D3020FDDEA500970652 /* LaunchScreen.storyboard */ = {
			isa = PBXVariantGroup;
			children = (
				57403D3120FDDEA500970652 /* Base */,
			);
			name = LaunchScreen.storyboard;
			sourceTree = "<group>";
		};
/* End PBXVariantGroup section */

/* Begin XCBuildConfiguration section */
		57403D3F20FDDEA500970652 /* Debug */ = {
			isa = XCBuildConfiguration;
			buildSettings = {
				ALWAYS_SEARCH_USER_PATHS = NO;
				CLANG_ANALYZER_NONNULL = YES;
				CLANG_ANALYZER_NUMBER_OBJECT_CONVERSION = YES_AGGRESSIVE;
				CLANG_CXX_LANGUAGE_STANDARD = "gnu++14";
				CLANG_CXX_LIBRARY = "libc++";
				CLANG_ENABLE_MODULES = YES;
				CLANG_ENABLE_OBJC_ARC = YES;
				CLANG_WARN_BLOCK_CAPTURE_AUTORELEASING = YES;
				CLANG_WARN_BOOL_CONVERSION = YES;
				CLANG_WARN_COMMA = YES;
				CLANG_WARN_CONSTANT_CONVERSION = YES;
				CLANG_WARN_DIRECT_OBJC_ISA_USAGE = YES_ERROR;
				CLANG_WARN_DOCUMENTATION_COMMENTS = YES;
				CLANG_WARN_EMPTY_BODY = YES;
				CLANG_WARN_ENUM_CONVERSION = YES;
				CLANG_WARN_INFINITE_RECURSION = YES;
				CLANG_WARN_INT_CONVERSION = YES;
				CLANG_WARN_NON_LITERAL_NULL_CONVERSION = YES;
				CLANG_WARN_OBJC_LITERAL_CONVERSION = YES;
				CLANG_WARN_OBJC_ROOT_CLASS = YES_ERROR;
				CLANG_WARN_RANGE_LOOP_ANALYSIS = YES;
				CLANG_WARN_STRICT_PROTOTYPES = YES;
				CLANG_WARN_SUSPICIOUS_MOVE = YES;
				CLANG_WARN_UNGUARDED_AVAILABILITY = YES_AGGRESSIVE;
				CLANG_WARN_UNREACHABLE_CODE = YES;
				CLANG_WARN__DUPLICATE_METHOD_MATCH = YES;
				CODE_SIGN_IDENTITY = "iPhone Developer";
				COPY_PHASE_STRIP = NO;
				DEBUG_INFORMATION_FORMAT = dwarf;
				ENABLE_STRICT_OBJC_MSGSEND = YES;
				ENABLE_TESTABILITY = YES;
				GCC_C_LANGUAGE_STANDARD = gnu11;
				GCC_DYNAMIC_NO_PIC = NO;
				GCC_NO_COMMON_BLOCKS = YES;
				GCC_OPTIMIZATION_LEVEL = 0;
				GCC_PREPROCESSOR_DEFINITIONS = (
					"DEBUG=1",
					"$(inherited)",
				);
				GCC_WARN_64_TO_32_BIT_CONVERSION = YES;
				GCC_WARN_ABOUT_RETURN_TYPE = YES_ERROR;
				GCC_WARN_UNDECLARED_SELECTOR = YES;
				GCC_WARN_UNINITIALIZED_AUTOS = YES_AGGRESSIVE;
				GCC_WARN_UNUSED_FUNCTION = YES;
				GCC_WARN_UNUSED_VARIABLE = YES;
				IPHONEOS_DEPLOYMENT_TARGET = 11.2;
				MTL_ENABLE_DEBUG_INFO = YES;
				ONLY_ACTIVE_ARCH = YES;
				SDKROOT = iphoneos;
				SWIFT_ACTIVE_COMPILATION_CONDITIONS = DEBUG;
				SWIFT_OPTIMIZATION_LEVEL = "-Onone";
			};
			name = Debug;
		};
		57403D4020FDDEA500970652 /* Release */ = {
			isa = XCBuildConfiguration;
			buildSettings = {
				ALWAYS_SEARCH_USER_PATHS = NO;
				CLANG_ANALYZER_NONNULL = YES;
				CLANG_ANALYZER_NUMBER_OBJECT_CONVERSION = YES_AGGRESSIVE;
				CLANG_CXX_LANGUAGE_STANDARD = "gnu++14";
				CLANG_CXX_LIBRARY = "libc++";
				CLANG_ENABLE_MODULES = YES;
				CLANG_ENABLE_OBJC_ARC = YES;
				CLANG_WARN_BLOCK_CAPTURE_AUTORELEASING = YES;
				CLANG_WARN_BOOL_CONVERSION = YES;
				CLANG_WARN_COMMA = YES;
				CLANG_WARN_CONSTANT_CONVERSION = YES;
				CLANG_WARN_DIRECT_OBJC_ISA_USAGE = YES_ERROR;
				CLANG_WARN_DOCUMENTATION_COMMENTS = YES;
				CLANG_WARN_EMPTY_BODY = YES;
				CLANG_WARN_ENUM_CONVERSION = YES;
				CLANG_WARN_INFINITE_RECURSION = YES;
				CLANG_WARN_INT_CONVERSION = YES;
				CLANG_WARN_NON_LITERAL_NULL_CONVERSION = YES;
				CLANG_WARN_OBJC_LITERAL_CONVERSION = YES;
				CLANG_WARN_OBJC_ROOT_CLASS = YES_ERROR;
				CLANG_WARN_RANGE_LOOP_ANALYSIS = YES;
				CLANG_WARN_STRICT_PROTOTYPES = YES;
				CLANG_WARN_SUSPICIOUS_MOVE = YES;
				CLANG_WARN_UNGUARDED_AVAILABILITY = YES_AGGRESSIVE;
				CLANG_WARN_UNREACHABLE_CODE = YES;
				CLANG_WARN__DUPLICATE_METHOD_MATCH = YES;
				CODE_SIGN_IDENTITY = "iPhone Developer";
				COPY_PHASE_STRIP = NO;
				DEBUG_INFORMATION_FORMAT = "dwarf-with-dsym";
				ENABLE_NS_ASSERTIONS = NO;
				ENABLE_STRICT_OBJC_MSGSEND = YES;
				GCC_C_LANGUAGE_STANDARD = gnu11;
				GCC_NO_COMMON_BLOCKS = YES;
				GCC_WARN_64_TO_32_BIT_CONVERSION = YES;
				GCC_WARN_ABOUT_RETURN_TYPE = YES_ERROR;
				GCC_WARN_UNDECLARED_SELECTOR = YES;
				GCC_WARN_UNINITIALIZED_AUTOS = YES_AGGRESSIVE;
				GCC_WARN_UNUSED_FUNCTION = YES;
				GCC_WARN_UNUSED_VARIABLE = YES;
				IPHONEOS_DEPLOYMENT_TARGET = 11.2;
				MTL_ENABLE_DEBUG_INFO = NO;
				SDKROOT = iphoneos;
				SWIFT_OPTIMIZATION_LEVEL = "-Owholemodule";
				VALIDATE_PRODUCT = YES;
			};
			name = Release;
		};
		57403D4220FDDEA500970652 /* Debug */ = {
			isa = XCBuildConfiguration;
			buildSettings = {
				ASSETCATALOG_COMPILER_APPICON_NAME = AppIcon;
				CODE_SIGN_STYLE = Automatic;
				INFOPLIST_FILE = LoginTest/Info.plist;
				LD_RUNPATH_SEARCH_PATHS = "$(inherited) @executable_path/Frameworks";
				PRODUCT_BUNDLE_IDENTIFIER = "Code-Nation.LoginTest";
				PRODUCT_NAME = "$(TARGET_NAME)";
				SWIFT_VERSION = 4.0;
				TARGETED_DEVICE_FAMILY = "1,2";
			};
			name = Debug;
		};
		57403D4320FDDEA500970652 /* Release */ = {
			isa = XCBuildConfiguration;
			buildSettings = {
				ASSETCATALOG_COMPILER_APPICON_NAME = AppIcon;
				CODE_SIGN_STYLE = Automatic;
				INFOPLIST_FILE = LoginTest/Info.plist;
				LD_RUNPATH_SEARCH_PATHS = "$(inherited) @executable_path/Frameworks";
				PRODUCT_BUNDLE_IDENTIFIER = "Code-Nation.LoginTest";
				PRODUCT_NAME = "$(TARGET_NAME)";
				SWIFT_VERSION = 4.0;
				TARGETED_DEVICE_FAMILY = "1,2";
			};
			name = Release;
		};
		57403D4520FDDEA500970652 /* Debug */ = {
			isa = XCBuildConfiguration;
			buildSettings = {
				ALWAYS_EMBED_SWIFT_STANDARD_LIBRARIES = YES;
				BUNDLE_LOADER = "$(TEST_HOST)";
				CODE_SIGN_STYLE = Automatic;
				INFOPLIST_FILE = LoginTestTests/Info.plist;
				LD_RUNPATH_SEARCH_PATHS = "$(inherited) @executable_path/Frameworks @loader_path/Frameworks";
				PRODUCT_BUNDLE_IDENTIFIER = "Code-Nation.LoginTestTests";
				PRODUCT_NAME = "$(TARGET_NAME)";
				SWIFT_VERSION = 4.0;
				TARGETED_DEVICE_FAMILY = "1,2";
				TEST_HOST = "$(BUILT_PRODUCTS_DIR)/LoginTest.app/LoginTest";
			};
			name = Debug;
		};
		57403D4620FDDEA500970652 /* Release */ = {
			isa = XCBuildConfiguration;
			buildSettings = {
				ALWAYS_EMBED_SWIFT_STANDARD_LIBRARIES = YES;
				BUNDLE_LOADER = "$(TEST_HOST)";
				CODE_SIGN_STYLE = Automatic;
				INFOPLIST_FILE = LoginTestTests/Info.plist;
				LD_RUNPATH_SEARCH_PATHS = "$(inherited) @executable_path/Frameworks @loader_path/Frameworks";
				PRODUCT_BUNDLE_IDENTIFIER = "Code-Nation.LoginTestTests";
				PRODUCT_NAME = "$(TARGET_NAME)";
				SWIFT_VERSION = 4.0;
				TARGETED_DEVICE_FAMILY = "1,2";
				TEST_HOST = "$(BUILT_PRODUCTS_DIR)/LoginTest.app/LoginTest";
			};
			name = Release;
		};
/* End XCBuildConfiguration section */

/* Begin XCConfigurationList section */
		57403D1F20FDDEA500970652 /* Build configuration list for PBXProject "LoginTest" */ = {
			isa = XCConfigurationList;
			buildConfigurations = (
				57403D3F20FDDEA500970652 /* Debug */,
				57403D4020FDDEA500970652 /* Release */,
			);
			defaultConfigurationIsVisible = 0;
			defaultConfigurationName = Release;
		};
		57403D4120FDDEA500970652 /* Build configuration list for PBXNativeTarget "LoginTest" */ = {
			isa = XCConfigurationList;
			buildConfigurations = (
				57403D4220FDDEA500970652 /* Debug */,
				57403D4320FDDEA500970652 /* Release */,
			);
			defaultConfigurationIsVisible = 0;
			defaultConfigurationName = Release;
		};
		57403D4420FDDEA500970652 /* Build configuration list for PBXNativeTarget "LoginTestTests" */ = {
			isa = XCConfigurationList;
			buildConfigurations = (
				57403D4520FDDEA500970652 /* Debug */,
				57403D4620FDDEA500970652 /* Release */,
			);
			defaultConfigurationIsVisible = 0;
			defaultConfigurationName = Release;
		};
/* End XCConfigurationList section */
	};
	rootObject = 57403D1C20FDDEA500970652 /* Project object */;
}
